// !$*UTF8*$!
{
	archiveVersion = 1;
	classes = {
	};
	objectVersion = 56;
	objects = {

/* Begin PBXBuildFile section */
		FF7ED6392AC065B5000384FC /* Hydrangea_Course_TimetableApp.swift in Sources */ = {isa = PBXBuildFile; fileRef = FF7ED6382AC065B5000384FC /* Hydrangea_Course_TimetableApp.swift */; };
		FF7ED63B2AC065B5000384FC /* ContentView.swift in Sources */ = {isa = PBXBuildFile; fileRef = FF7ED63A2AC065B5000384FC /* ContentView.swift */; };
		FF7ED63D2AC065B6000384FC /* Assets.xcassets in Resources */ = {isa = PBXBuildFile; fileRef = FF7ED63C2AC065B6000384FC /* Assets.xcassets */; };
		FF7ED6402AC065B6000384FC /* Preview Assets.xcassets in Resources */ = {isa = PBXBuildFile; fileRef = FF7ED63F2AC065B6000384FC /* Preview Assets.xcassets */; };
		FF7ED64B2AC065B7000384FC /* Hydrangea_Course_TimetableTests.swift in Sources */ = {isa = PBXBuildFile; fileRef = FF7ED64A2AC065B7000384FC /* Hydrangea_Course_TimetableTests.swift */; };
		FF7ED6552AC065B7000384FC /* Hydrangea_Course_TimetableUITests.swift in Sources */ = {isa = PBXBuildFile; fileRef = FF7ED6542AC065B7000384FC /* Hydrangea_Course_TimetableUITests.swift */; };
		FF7ED6572AC065B7000384FC /* Hydrangea_Course_TimetableUITestsLaunchTests.swift in Sources */ = {isa = PBXBuildFile; fileRef = FF7ED6562AC065B7000384FC /* Hydrangea_Course_TimetableUITestsLaunchTests.swift */; };
/* End PBXBuildFile section */

/* Begin PBXContainerItemProxy section */
		FF7ED6472AC065B7000384FC /* PBXContainerItemProxy */ = {
			isa = PBXContainerItemProxy;
			containerPortal = FF7ED62D2AC065B5000384FC /* Project object */;
			proxyType = 1;
			remoteGlobalIDString = FF7ED6342AC065B5000384FC;
			remoteInfo = "Hydrangea Course Timetable";
		};
		FF7ED6512AC065B7000384FC /* PBXContainerItemProxy */ = {
			isa = PBXContainerItemProxy;
			containerPortal = FF7ED62D2AC065B5000384FC /* Project object */;
			proxyType = 1;
			remoteGlobalIDString = FF7ED6342AC065B5000384FC;
			remoteInfo = "Hydrangea Course Timetable";
		};
/* End PBXContainerItemProxy section */

/* Begin PBXFileReference section */
		FF7ED6352AC065B5000384FC /* Hydrangea Course Timetable.app */ = {isa = PBXFileReference; explicitFileType = wrapper.application; includeInIndex = 0; path = "Hydrangea Course Timetable.app"; sourceTree = BUILT_PRODUCTS_DIR; };
		FF7ED6382AC065B5000384FC /* Hydrangea_Course_TimetableApp.swift */ = {isa = PBXFileReference; lastKnownFileType = sourcecode.swift; path = Hydrangea_Course_TimetableApp.swift; sourceTree = "<group>"; };
		FF7ED63A2AC065B5000384FC /* ContentView.swift */ = {isa = PBXFileReference; lastKnownFileType = sourcecode.swift; path = ContentView.swift; sourceTree = "<group>"; };
		FF7ED63C2AC065B6000384FC /* Assets.xcassets */ = {isa = PBXFileReference; lastKnownFileType = folder.assetcatalog; path = Assets.xcassets; sourceTree = "<group>"; };
		FF7ED63F2AC065B6000384FC /* Preview Assets.xcassets */ = {isa = PBXFileReference; lastKnownFileType = folder.assetcatalog; path = "Preview Assets.xcassets"; sourceTree = "<group>"; };
		FF7ED6412AC065B6000384FC /* Hydrangea_Course_Timetable.entitlements */ = {isa = PBXFileReference; lastKnownFileType = text.plist.entitlements; path = Hydrangea_Course_Timetable.entitlements; sourceTree = "<group>"; };
		FF7ED6462AC065B7000384FC /* Hydrangea Course TimetableTests.xctest */ = {isa = PBXFileReference; explicitFileType = wrapper.cfbundle; includeInIndex = 0; path = "Hydrangea Course TimetableTests.xctest"; sourceTree = BUILT_PRODUCTS_DIR; };
		FF7ED64A2AC065B7000384FC /* Hydrangea_Course_TimetableTests.swift */ = {isa = PBXFileReference; lastKnownFileType = sourcecode.swift; path = Hydrangea_Course_TimetableTests.swift; sourceTree = "<group>"; };
		FF7ED6502AC065B7000384FC /* Hydrangea Course TimetableUITests.xctest */ = {isa = PBXFileReference; explicitFileType = wrapper.cfbundle; includeInIndex = 0; path = "Hydrangea Course TimetableUITests.xctest"; sourceTree = BUILT_PRODUCTS_DIR; };
		FF7ED6542AC065B7000384FC /* Hydrangea_Course_TimetableUITests.swift */ = {isa = PBXFileReference; lastKnownFileType = sourcecode.swift; path = Hydrangea_Course_TimetableUITests.swift; sourceTree = "<group>"; };
		FF7ED6562AC065B7000384FC /* Hydrangea_Course_TimetableUITestsLaunchTests.swift */ = {isa = PBXFileReference; lastKnownFileType = sourcecode.swift; path = Hydrangea_Course_TimetableUITestsLaunchTests.swift; sourceTree = "<group>"; };
/* End PBXFileReference section */

/* Begin PBXFrameworksBuildPhase section */
		FF7ED6322AC065B5000384FC /* Frameworks */ = {
			isa = PBXFrameworksBuildPhase;
			buildActionMask = 2147483647;
			files = (
			);
			runOnlyForDeploymentPostprocessing = 0;
		};
		FF7ED6432AC065B7000384FC /* Frameworks */ = {
			isa = PBXFrameworksBuildPhase;
			buildActionMask = 2147483647;
			files = (
			);
			runOnlyForDeploymentPostprocessing = 0;
		};
		FF7ED64D2AC065B7000384FC /* Frameworks */ = {
			isa = PBXFrameworksBuildPhase;
			buildActionMask = 2147483647;
			files = (
			);
			runOnlyForDeploymentPostprocessing = 0;
		};
/* End PBXFrameworksBuildPhase section */

/* Begin PBXGroup section */
		FF7ED62C2AC065B5000384FC = {
			isa = PBXGroup;
			children = (
				FF7ED6372AC065B5000384FC /* Hydrangea Course Timetable */,
				FF7ED6492AC065B7000384FC /* Hydrangea Course TimetableTests */,
				FF7ED6532AC065B7000384FC /* Hydrangea Course TimetableUITests */,
				FF7ED6362AC065B5000384FC /* Products */,
			);
			sourceTree = "<group>";
		};
		FF7ED6362AC065B5000384FC /* Products */ = {
			isa = PBXGroup;
			children = (
				FF7ED6352AC065B5000384FC /* Hydrangea Course Timetable.app */,
				FF7ED6462AC065B7000384FC /* Hydrangea Course TimetableTests.xctest */,
				FF7ED6502AC065B7000384FC /* Hydrangea Course TimetableUITests.xctest */,
			);
			name = Products;
			sourceTree = "<group>";
		};
		FF7ED6372AC065B5000384FC /* Hydrangea Course Timetable */ = {
			isa = PBXGroup;
			children = (
				FF7ED6382AC065B5000384FC /* Hydrangea_Course_TimetableApp.swift */,
				FF7ED63A2AC065B5000384FC /* ContentView.swift */,
				FF7ED63C2AC065B6000384FC /* Assets.xcassets */,
				FF7ED6412AC065B6000384FC /* Hydrangea_Course_Timetable.entitlements */,
				FF7ED63E2AC065B6000384FC /* Preview Content */,
			);
			path = "Hydrangea Course Timetable";
			sourceTree = "<group>";
		};
		FF7ED63E2AC065B6000384FC /* Preview Content */ = {
			isa = PBXGroup;
			children = (
				FF7ED63F2AC065B6000384FC /* Preview Assets.xcassets */,
			);
			path = "Preview Content";
			sourceTree = "<group>";
		};
		FF7ED6492AC065B7000384FC /* Hydrangea Course TimetableTests */ = {
			isa = PBXGroup;
			children = (
				FF7ED64A2AC065B7000384FC /* Hydrangea_Course_TimetableTests.swift */,
			);
			path = "Hydrangea Course TimetableTests";
			sourceTree = "<group>";
		};
		FF7ED6532AC065B7000384FC /* Hydrangea Course TimetableUITests */ = {
			isa = PBXGroup;
			children = (
				FF7ED6542AC065B7000384FC /* Hydrangea_Course_TimetableUITests.swift */,
				FF7ED6562AC065B7000384FC /* Hydrangea_Course_TimetableUITestsLaunchTests.swift */,
			);
			path = "Hydrangea Course TimetableUITests";
			sourceTree = "<group>";
		};
/* End PBXGroup section */

/* Begin PBXNativeTarget section */
		FF7ED6342AC065B5000384FC /* Hydrangea Course Timetable */ = {
			isa = PBXNativeTarget;
			buildConfigurationList = FF7ED65A2AC065B7000384FC /* Build configuration list for PBXNativeTarget "Hydrangea Course Timetable" */;
			buildPhases = (
				FF7ED6312AC065B5000384FC /* Sources */,
				FF7ED6322AC065B5000384FC /* Frameworks */,
				FF7ED6332AC065B5000384FC /* Resources */,
			);
			buildRules = (
			);
			dependencies = (
			);
			name = "Hydrangea Course Timetable";
			productName = "Hydrangea Course Timetable";
			productReference = FF7ED6352AC065B5000384FC /* Hydrangea Course Timetable.app */;
			productType = "com.apple.product-type.application";
		};
		FF7ED6452AC065B7000384FC /* Hydrangea Course TimetableTests */ = {
			isa = PBXNativeTarget;
			buildConfigurationList = FF7ED65D2AC065B7000384FC /* Build configuration list for PBXNativeTarget "Hydrangea Course TimetableTests" */;
			buildPhases = (
				FF7ED6422AC065B7000384FC /* Sources */,
				FF7ED6432AC065B7000384FC /* Frameworks */,
				FF7ED6442AC065B7000384FC /* Resources */,
			);
			buildRules = (
			);
			dependencies = (
				FF7ED6482AC065B7000384FC /* PBXTargetDependency */,
			);
			name = "Hydrangea Course TimetableTests";
			productName = "Hydrangea Course TimetableTests";
			productReference = FF7ED6462AC065B7000384FC /* Hydrangea Course TimetableTests.xctest */;
			productType = "com.apple.product-type.bundle.unit-test";
		};
		FF7ED64F2AC065B7000384FC /* Hydrangea Course TimetableUITests */ = {
			isa = PBXNativeTarget;
			buildConfigurationList = FF7ED6602AC065B7000384FC /* Build configuration list for PBXNativeTarget "Hydrangea Course TimetableUITests" */;
			buildPhases = (
				FF7ED64C2AC065B7000384FC /* Sources */,
				FF7ED64D2AC065B7000384FC /* Frameworks */,
				FF7ED64E2AC065B7000384FC /* Resources */,
			);
			buildRules = (
			);
			dependencies = (
				FF7ED6522AC065B7000384FC /* PBXTargetDependency */,
			);
			name = "Hydrangea Course TimetableUITests";
			productName = "Hydrangea Course TimetableUITests";
			productReference = FF7ED6502AC065B7000384FC /* Hydrangea Course TimetableUITests.xctest */;
			productType = "com.apple.product-type.bundle.ui-testing";
		};
/* End PBXNativeTarget section */

/* Begin PBXProject section */
		FF7ED62D2AC065B5000384FC /* Project object */ = {
			isa = PBXProject;
			attributes = {
				BuildIndependentTargetsInParallel = 1;
				LastSwiftUpdateCheck = 1430;
				LastUpgradeCheck = 1430;
				TargetAttributes = {
					FF7ED6342AC065B5000384FC = {
						CreatedOnToolsVersion = 14.3.1;
					};
					FF7ED6452AC065B7000384FC = {
						CreatedOnToolsVersion = 14.3.1;
						TestTargetID = FF7ED6342AC065B5000384FC;
					};
					FF7ED64F2AC065B7000384FC = {
						CreatedOnToolsVersion = 14.3.1;
						TestTargetID = FF7ED6342AC065B5000384FC;
					};
				};
			};
			buildConfigurationList = FF7ED6302AC065B5000384FC /* Build configuration list for PBXProject "Hydrangea Course Timetable" */;
			compatibilityVersion = "Xcode 14.0";
			developmentRegion = en;
			hasScannedForEncodings = 0;
			knownRegions = (
				en,
				Base,
			);
			mainGroup = FF7ED62C2AC065B5000384FC;
			productRefGroup = FF7ED6362AC065B5000384FC /* Products */;
			projectDirPath = "";
			projectRoot = "";
			targets = (
				FF7ED6342AC065B5000384FC /* Hydrangea Course Timetable */,
				FF7ED6452AC065B7000384FC /* Hydrangea Course TimetableTests */,
				FF7ED64F2AC065B7000384FC /* Hydrangea Course TimetableUITests */,
			);
		};
/* End PBXProject section */

/* Begin PBXResourcesBuildPhase section */
		FF7ED6332AC065B5000384FC /* Resources */ = {
			isa = PBXResourcesBuildPhase;
			buildActionMask = 2147483647;
			files = (
				FF7ED6402AC065B6000384FC /* Preview Assets.xcassets in Resources */,
				FF7ED63D2AC065B6000384FC /* Assets.xcassets in Resources */,
			);
			runOnlyForDeploymentPostprocessing = 0;
		};
		FF7ED6442AC065B7000384FC /* Resources */ = {
			isa = PBXResourcesBuildPhase;
			buildActionMask = 2147483647;
			files = (
			);
			runOnlyForDeploymentPostprocessing = 0;
		};
		FF7ED64E2AC065B7000384FC /* Resources */ = {
			isa = PBXResourcesBuildPhase;
			buildActionMask = 2147483647;
			files = (
			);
			runOnlyForDeploymentPostprocessing = 0;
		};
/* End PBXResourcesBuildPhase section */

/* Begin PBXSourcesBuildPhase section */
		FF7ED6312AC065B5000384FC /* Sources */ = {
			isa = PBXSourcesBuildPhase;
			buildActionMask = 2147483647;
			files = (
				FF7ED63B2AC065B5000384FC /* ContentView.swift in Sources */,
				FF7ED6392AC065B5000384FC /* Hydrangea_Course_TimetableApp.swift in Sources */,
			);
			runOnlyForDeploymentPostprocessing = 0;
		};
		FF7ED6422AC065B7000384FC /* Sources */ = {
			isa = PBXSourcesBuildPhase;
			buildActionMask = 2147483647;
			files = (
				FF7ED64B2AC065B7000384FC /* Hydrangea_Course_TimetableTests.swift in Sources */,
			);
			runOnlyForDeploymentPostprocessing = 0;
		};
		FF7ED64C2AC065B7000384FC /* Sources */ = {
			isa = PBXSourcesBuildPhase;
			buildActionMask = 2147483647;
			files = (
				FF7ED6552AC065B7000384FC /* Hydrangea_Course_TimetableUITests.swift in Sources */,
				FF7ED6572AC065B7000384FC /* Hydrangea_Course_TimetableUITestsLaunchTests.swift in Sources */,
			);
			runOnlyForDeploymentPostprocessing = 0;
		};
/* End PBXSourcesBuildPhase section */

/* Begin PBXTargetDependency section */
		FF7ED6482AC065B7000384FC /* PBXTargetDependency */ = {
			isa = PBXTargetDependency;
			target = FF7ED6342AC065B5000384FC /* Hydrangea Course Timetable */;
			targetProxy = FF7ED6472AC065B7000384FC /* PBXContainerItemProxy */;
		};
		FF7ED6522AC065B7000384FC /* PBXTargetDependency */ = {
			isa = PBXTargetDependency;
			target = FF7ED6342AC065B5000384FC /* Hydrangea Course Timetable */;
			targetProxy = FF7ED6512AC065B7000384FC /* PBXContainerItemProxy */;
		};
/* End PBXTargetDependency section */

/* Begin XCBuildConfiguration section */
		FF7ED6582AC065B7000384FC /* Debug */ = {
			isa = XCBuildConfiguration;
			buildSettings = {
				ALWAYS_SEARCH_USER_PATHS = NO;
				CLANG_ANALYZER_NONNULL = YES;
				CLANG_ANALYZER_NUMBER_OBJECT_CONVERSION = YES_AGGRESSIVE;
				CLANG_CXX_LANGUAGE_STANDARD = "gnu++20";
				CLANG_ENABLE_MODULES = YES;
				CLANG_ENABLE_OBJC_ARC = YES;
				CLANG_ENABLE_OBJC_WEAK = YES;
				CLANG_WARN_BLOCK_CAPTURE_AUTORELEASING = YES;
				CLANG_WARN_BOOL_CONVERSION = YES;
				CLANG_WARN_COMMA = YES;
				CLANG_WARN_CONSTANT_CONVERSION = YES;
				CLANG_WARN_DEPRECATED_OBJC_IMPLEMENTATIONS = YES;
				CLANG_WARN_DIRECT_OBJC_ISA_USAGE = YES_ERROR;
				CLANG_WARN_DOCUMENTATION_COMMENTS = YES;
				CLANG_WARN_EMPTY_BODY = YES;
				CLANG_WARN_ENUM_CONVERSION = YES;
				CLANG_WARN_INFINITE_RECURSION = YES;
				CLANG_WARN_INT_CONVERSION = YES;
				CLANG_WARN_NON_LITERAL_NULL_CONVERSION = YES;
				CLANG_WARN_OBJC_IMPLICIT_RETAIN_SELF = YES;
				CLANG_WARN_OBJC_LITERAL_CONVERSION = YES;
				CLANG_WARN_OBJC_ROOT_CLASS = YES_ERROR;
				CLANG_WARN_QUOTED_INCLUDE_IN_FRAMEWORK_HEADER = YES;
				CLANG_WARN_RANGE_LOOP_ANALYSIS = YES;
				CLANG_WARN_STRICT_PROTOTYPES = YES;
				CLANG_WARN_SUSPICIOUS_MOVE = YES;
				CLANG_WARN_UNGUARDED_AVAILABILITY = YES_AGGRESSIVE;
				CLANG_WARN_UNREACHABLE_CODE = YES;
				CLANG_WARN__DUPLICATE_METHOD_MATCH = YES;
				COPY_PHASE_STRIP = NO;
				DEBUG_INFORMATION_FORMAT = dwarf;
				ENABLE_STRICT_OBJC_MSGSEND = YES;
				ENABLE_TESTABILITY = YES;
				GCC_C_LANGUAGE_STANDARD = gnu11;
				GCC_DYNAMIC_NO_PIC = NO;
				GCC_NO_COMMON_BLOCKS = YES;
				GCC_OPTIMIZATION_LEVEL = 0;
				GCC_PREPROCESSOR_DEFINITIONS = (
					"DEBUG=1",
					"$(inherited)",
				);
				GCC_WARN_64_TO_32_BIT_CONVERSION = YES;
				GCC_WARN_ABOUT_RETURN_TYPE = YES_ERROR;
				GCC_WARN_UNDECLARED_SELECTOR = YES;
				GCC_WARN_UNINITIALIZED_AUTOS = YES_AGGRESSIVE;
				GCC_WARN_UNUSED_FUNCTION = YES;
				GCC_WARN_UNUSED_VARIABLE = YES;
				MACOSX_DEPLOYMENT_TARGET = 13.3;
				MTL_ENABLE_DEBUG_INFO = INCLUDE_SOURCE;
				MTL_FAST_MATH = YES;
				ONLY_ACTIVE_ARCH = YES;
				SDKROOT = macosx;
				SWIFT_ACTIVE_COMPILATION_CONDITIONS = DEBUG;
				SWIFT_OPTIMIZATION_LEVEL = "-Onone";
			};
			name = Debug;
		};
		FF7ED6592AC065B7000384FC /* Release */ = {
			isa = XCBuildConfiguration;
			buildSettings = {
				ALWAYS_SEARCH_USER_PATHS = NO;
				CLANG_ANALYZER_NONNULL = YES;
				CLANG_ANALYZER_NUMBER_OBJECT_CONVERSION = YES_AGGRESSIVE;
				CLANG_CXX_LANGUAGE_STANDARD = "gnu++20";
				CLANG_ENABLE_MODULES = YES;
				CLANG_ENABLE_OBJC_ARC = YES;
				CLANG_ENABLE_OBJC_WEAK = YES;
				CLANG_WARN_BLOCK_CAPTURE_AUTORELEASING = YES;
				CLANG_WARN_BOOL_CONVERSION = YES;
				CLANG_WARN_COMMA = YES;
				CLANG_WARN_CONSTANT_CONVERSION = YES;
				CLANG_WARN_DEPRECATED_OBJC_IMPLEMENTATIONS = YES;
				CLANG_WARN_DIRECT_OBJC_ISA_USAGE = YES_ERROR;
				CLANG_WARN_DOCUMENTATION_COMMENTS = YES;
				CLANG_WARN_EMPTY_BODY = YES;
				CLANG_WARN_ENUM_CONVERSION = YES;
				CLANG_WARN_INFINITE_RECURSION = YES;
				CLANG_WARN_INT_CONVERSION = YES;
				CLANG_WARN_NON_LITERAL_NULL_CONVERSION = YES;
				CLANG_WARN_OBJC_IMPLICIT_RETAIN_SELF = YES;
				CLANG_WARN_OBJC_LITERAL_CONVERSION = YES;
				CLANG_WARN_OBJC_ROOT_CLASS = YES_ERROR;
				CLANG_WARN_QUOTED_INCLUDE_IN_FRAMEWORK_HEADER = YES;
				CLANG_WARN_RANGE_LOOP_ANALYSIS = YES;
				CLANG_WARN_STRICT_PROTOTYPES = YES;
				CLANG_WARN_SUSPICIOUS_MOVE = YES;
				CLANG_WARN_UNGUARDED_AVAILABILITY = YES_AGGRESSIVE;
				CLANG_WARN_UNREACHABLE_CODE = YES;
				CLANG_WARN__DUPLICATE_METHOD_MATCH = YES;
				COPY_PHASE_STRIP = NO;
				DEBUG_INFORMATION_FORMAT = "dwarf-with-dsym";
				ENABLE_NS_ASSERTIONS = NO;
				ENABLE_STRICT_OBJC_MSGSEND = YES;
				GCC_C_LANGUAGE_STANDARD = gnu11;
				GCC_NO_COMMON_BLOCKS = YES;
				GCC_WARN_64_TO_32_BIT_CONVERSION = YES;
				GCC_WARN_ABOUT_RETURN_TYPE = YES_ERROR;
				GCC_WARN_UNDECLARED_SELECTOR = YES;
				GCC_WARN_UNINITIALIZED_AUTOS = YES_AGGRESSIVE;
				GCC_WARN_UNUSED_FUNCTION = YES;
				GCC_WARN_UNUSED_VARIABLE = YES;
				MACOSX_DEPLOYMENT_TARGET = 13.3;
				MTL_ENABLE_DEBUG_INFO = NO;
				MTL_FAST_MATH = YES;
				SDKROOT = macosx;
				SWIFT_COMPILATION_MODE = wholemodule;
				SWIFT_OPTIMIZATION_LEVEL = "-O";
			};
			name = Release;
		};
		FF7ED65B2AC065B7000384FC /* Debug */ = {
			isa = XCBuildConfiguration;
			buildSettings = {
				ASSETCATALOG_COMPILER_APPICON_NAME = AppIcon;
				ASSETCATALOG_COMPILER_GLOBAL_ACCENT_COLOR_NAME = AccentColor;
				CODE_SIGN_ENTITLEMENTS = "Hydrangea Course Timetable/Hydrangea_Course_Timetable.entitlements";
				CODE_SIGN_STYLE = Automatic;
				COMBINE_HIDPI_IMAGES = YES;
				CURRENT_PROJECT_VERSION = 1.1;
				DEVELOPMENT_ASSET_PATHS = "\"Hydrangea Course Timetable/Preview Content\"";
				DEVELOPMENT_TEAM = ZR59599HJV;
				ENABLE_HARDENED_RUNTIME = YES;
				ENABLE_PREVIEWS = YES;
				GENERATE_INFOPLIST_FILE = YES;
				INFOPLIST_KEY_NSHumanReadableCopyright = "";
				LD_RUNPATH_SEARCH_PATHS = (
					"$(inherited)",
					"@executable_path/../Frameworks",
				);
				MARKETING_VERSION = 1.2;
				PRODUCT_BUNDLE_IDENTIFIER = "com.Zeyu-Xie.Hydrangea-Course-Timetable";
				PRODUCT_NAME = "$(TARGET_NAME)";
				SWIFT_EMIT_LOC_STRINGS = YES;
				SWIFT_VERSION = 5.0;
			};
			name = Debug;
		};
		FF7ED65C2AC065B7000384FC /* Release */ = {
			isa = XCBuildConfiguration;
			buildSettings = {
				ASSETCATALOG_COMPILER_APPICON_NAME = AppIcon;
				ASSETCATALOG_COMPILER_GLOBAL_ACCENT_COLOR_NAME = AccentColor;
				CODE_SIGN_ENTITLEMENTS = "Hydrangea Course Timetable/Hydrangea_Course_Timetable.entitlements";
				CODE_SIGN_STYLE = Automatic;
				COMBINE_HIDPI_IMAGES = YES;
				CURRENT_PROJECT_VERSION = 1.1;
				DEVELOPMENT_ASSET_PATHS = "\"Hydrangea Course Timetable/Preview Content\"";
				DEVELOPMENT_TEAM = ZR59599HJV;
				ENABLE_HARDENED_RUNTIME = YES;
				ENABLE_PREVIEWS = YES;
				GENERATE_INFOPLIST_FILE = YES;
				INFOPLIST_KEY_NSHumanReadableCopyright = "";
				LD_RUNPATH_SEARCH_PATHS = (
					"$(inherited)",
					"@executable_path/../Frameworks",
				);
				MARKETING_VERSION = 1.2;
				PRODUCT_BUNDLE_IDENTIFIER = "com.Zeyu-Xie.Hydrangea-Course-Timetable";
				PRODUCT_NAME = "$(TARGET_NAME)";
				SWIFT_EMIT_LOC_STRINGS = YES;
				SWIFT_VERSION = 5.0;
			};
			name = Release;
		};
		FF7ED65E2AC065B7000384FC /* Debug */ = {
			isa = XCBuildConfiguration;
			buildSettings = {
				ALWAYS_EMBED_SWIFT_STANDARD_LIBRARIES = YES;
				BUNDLE_LOADER = "$(TEST_HOST)";
				CODE_SIGN_STYLE = Automatic;
				CURRENT_PROJECT_VERSION = 1;
				DEVELOPMENT_TEAM = ZR59599HJV;
				GENERATE_INFOPLIST_FILE = YES;
				MACOSX_DEPLOYMENT_TARGET = 13.3;
				MARKETING_VERSION = 1.0;
				PRODUCT_BUNDLE_IDENTIFIER = "com.Zeyu-Xie.Hydrangea-Course-TimetableTests";
				PRODUCT_NAME = "$(TARGET_NAME)";
				SWIFT_EMIT_LOC_STRINGS = NO;
				SWIFT_VERSION = 5.0;
				TEST_HOST = "$(BUILT_PRODUCTS_DIR)/Hydrangea Course Timetable.app/$(BUNDLE_EXECUTABLE_FOLDER_PATH)/Hydrangea Course Timetable";
			};
			name = Debug;
		};
		FF7ED65F2AC065B7000384FC /* Release */ = {
			isa = XCBuildConfiguration;
			buildSettings = {
				ALWAYS_EMBED_SWIFT_STANDARD_LIBRARIES = YES;
				BUNDLE_LOADER = "$(TEST_HOST)";
				CODE_SIGN_STYLE = Automatic;
				CURRENT_PROJECT_VERSION = 1;
				DEVELOPMENT_TEAM = ZR59599HJV;
				GENERATE_INFOPLIST_FILE = YES;
				MACOSX_DEPLOYMENT_TARGET = 13.3;
				MARKETING_VERSION = 1.0;
				PRODUCT_BUNDLE_IDENTIFIER = "com.Zeyu-Xie.Hydrangea-Course-TimetableTests";
				PRODUCT_NAME = "$(TARGET_NAME)";
				SWIFT_EMIT_LOC_STRINGS = NO;
				SWIFT_VERSION = 5.0;
				TEST_HOST = "$(BUILT_PRODUCTS_DIR)/Hydrangea Course Timetable.app/$(BUNDLE_EXECUTABLE_FOLDER_PATH)/Hydrangea Course Timetable";
			};
			name = Release;
		};
		FF7ED6612AC065B7000384FC /* Debug */ = {
			isa = XCBuildConfiguration;
			buildSettings = {
				ALWAYS_EMBED_SWIFT_STANDARD_LIBRARIES = YES;
				CODE_SIGN_STYLE = Automatic;
				CURRENT_PROJECT_VERSION = 1;
				DEVELOPMENT_TEAM = ZR59599HJV;
				GENERATE_INFOPLIST_FILE = YES;
				MARKETING_VERSION = 1.0;
				PRODUCT_BUNDLE_IDENTIFIER = "com.Zeyu-Xie.Hydrangea-Course-TimetableUITests";
				PRODUCT_NAME = "$(TARGET_NAME)";
				SWIFT_EMIT_LOC_STRINGS = NO;
				SWIFT_VERSION = 5.0;
				TEST_TARGET_NAME = "Hydrangea Course Timetable";
			};
			name = Debug;
		};
		FF7ED6622AC065B7000384FC /* Release */ = {
			isa = XCBuildConfiguration;
			buildSettings = {
				ALWAYS_EMBED_SWIFT_STANDARD_LIBRARIES = YES;
				CODE_SIGN_STYLE = Automatic;
				CURRENT_PROJECT_VERSION = 1;
				DEVELOPMENT_TEAM = ZR59599HJV;
				GENERATE_INFOPLIST_FILE = YES;
				MARKETING_VERSION = 1.0;
				PRODUCT_BUNDLE_IDENTIFIER = "com.Zeyu-Xie.Hydrangea-Course-TimetableUITests";
				PRODUCT_NAME = "$(TARGET_NAME)";
				SWIFT_EMIT_LOC_STRINGS = NO;
				SWIFT_VERSION = 5.0;
				TEST_TARGET_NAME = "Hydrangea Course Timetable";
			};
			name = Release;
		};
/* End XCBuildConfiguration section */

/* Begin XCConfigurationList section */
		FF7ED6302AC065B5000384FC /* Build configuration list for PBXProject "Hydrangea Course Timetable" */ = {
			isa = XCConfigurationList;
			buildConfigurations = (
				FF7ED6582AC065B7000384FC /* Debug */,
				FF7ED6592AC065B7000384FC /* Release */,
			);
			defaultConfigurationIsVisible = 0;
			defaultConfigurationName = Release;
		};
		FF7ED65A2AC065B7000384FC /* Build configuration list for PBXNativeTarget "Hydrangea Course Timetable" */ = {
			isa = XCConfigurationList;
			buildConfigurations = (
				FF7ED65B2AC065B7000384FC /* Debug */,
				FF7ED65C2AC065B7000384FC /* Release */,
			);
			defaultConfigurationIsVisible = 0;
			defaultConfigurationName = Release;
		};
		FF7ED65D2AC065B7000384FC /* Build configuration list for PBXNativeTarget "Hydrangea Course TimetableTests" */ = {
			isa = XCConfigurationList;
			buildConfigurations = (
				FF7ED65E2AC065B7000384FC /* Debug */,
				FF7ED65F2AC065B7000384FC /* Release */,
			);
			defaultConfigurationIsVisible = 0;
			defaultConfigurationName = Release;
		};
		FF7ED6602AC065B7000384FC /* Build configuration list for PBXNativeTarget "Hydrangea Course TimetableUITests" */ = {
			isa = XCConfigurationList;
			buildConfigurations = (
				FF7ED6612AC065B7000384FC /* Debug */,
				FF7ED6622AC065B7000384FC /* Release */,
			);
			defaultConfigurationIsVisible = 0;
			defaultConfigurationName = Release;
		};
/* End XCConfigurationList section */
	};
	rootObject = FF7ED62D2AC065B5000384FC /* Project object */;
}
